{
  "nodes": {
    "betterfox": {
      "flake": false,
      "locked": {
        "lastModified": 1783031216,
        "narHash": "sha256-nLkaxpbAMifWxx/RJvuaDpjndzKFPTvAO8o9gR47HtU=",
        "owner": "yokoffing",
        "repo": "Betterfox",
        "rev": "8e415d1633f10fe0192d9c938e4ca2628eeec9f9",
        "type": "github"
      },
      "original": {
        "owner": "yokoffing",
        "repo": "Betterfox",
        "type": "github"
      }
    },
    "caelestia-cli": {
      "inputs": {
        "caelestia-shell": [
          "caelestia-shell"
        ],
        "nixpkgs": [
          "caelestia-shell",
          "nixpkgs"
        ]
      },
      "locked": {
        "lastModified": 1787276686,
        "narHash": "sha256-rYdGb5rKIfETdlenQRxHfg17dhf9fN8eaRryX6sztnQ=",
        "owner": "caelestia-dots",
        "repo": "cli",
        "rev": "7401d9e3a371e583bc0b42dc1a139d01e278e6c1",
        "type": "github"
      },
      "original": {
        "owner": "caelestia-dots",
        "repo": "cli",
        "type": "github"
      }
    },
    "caelestia-shell": {
      "inputs": {
        "caelestia-cli": "caelestia-cli",
        "m3shapes": "m3shapes",
        "nixpkgs": [
          "nixpkgs"
        ],
        "quickshell": "quickshell"
      },
      "locked": {
        "lastModified": 1787797916,
        "narHash": "sha256-sly+gs1Lyyn8BIei7ixGZWGK3s7PtQgSMb0N4hVecTc=",
        "owner": "caelestia-dots",
        "repo": "shell",
        "rev": "5debe20729833669018bf9aa46dd3be4015c6a6f",
        "type": "github"
      },
      "original": {
        "owner": "caelestia-dots",
        "repo": "shell",
        "type": "github"
      }
    },
    "crossmacro": {
      "inputs": {
        "flake-parts": "flake-parts",
        "nixpkgs": [
          "nixpkgs"
        ]
      },
      "locked": {
        "lastModified": 1787754054,
        "narHash": "sha256-/Mt+Inubtud4UBckIL9O5CqoRwcIaIpJSXH0zfe9ZY4=",
        "owner": "alper-han",
        "repo": "crossmacro",
        "rev": "f155c2d4a32bcb5fa6dd5ecb98334cb2ebfa46be",
        "type": "github"
      },
      "original": {
        "owner": "alper-han",
        "repo": "crossmacro",
        "type": "github"
      }
    },
    "flake-compat": {
      "flake": false,
      "locked": {
        "lastModified": 1767039857,
        "narHash": "sha256-vNpUSpF5Nuw8xvDLj2KCwwksIbjua2LZCqhV1LNRDns=",
        "owner": "NixOS",
        "repo": "flake-compat",
        "rev": "5edf11c44bc78a0d334f6334cdaf7d60d732daab",
        "type": "github"
      },
      "original": {
        "owner": "NixOS",
        "repo": "flake-compat",
        "type": "github"
      }
    },
    "flake-parts": {
      "inputs": {
        "nixpkgs-lib": "nixpkgs-lib"
      },
      "locked": {
        "lastModified": 1787559586,
        "narHash": "sha256-onL0VLf9vPllmT0H/OlURIU5r5t5WIEl7t4tVNKT0Nw=",
        "owner": "hercules-ci",
        "repo": "flake-parts",
        "rev": "9d0d87172c374f89da73c1cfe6d81ae62feac1f1",
        "type": "github"
      },
      "original": {
        "owner": "hercules-ci",
        "repo": "flake-parts",
        "type": "github"
      }
    },
    "flake-parts_2": {
      "inputs": {
        "nixpkgs-lib": "nixpkgs-lib_2"
      },
      "locked": {
        "lastModified": 1787559586,
        "narHash": "sha256-onL0VLf9vPllmT0H/OlURIU5r5t5WIEl7t4tVNKT0Nw=",
        "owner": "hercules-ci",
        "repo": "flake-parts",
        "rev": "9d0d87172c374f89da73c1cfe6d81ae62feac1f1",
        "type": "github"
      },
      "original": {
        "owner": "hercules-ci",
        "repo": "flake-parts",
        "type": "github"
      }
    },
    "flake-utils": {
      "inputs": {
        "systems": "systems_2"
      },
      "locked": {
        "lastModified": 1731533236,
        "narHash": "sha256-l0KFg5HjrsfsO/JpG+r7fRrqm12kzFHyUHqHCVpMMbI=",
        "owner": "numtide",
        "repo": "flake-utils",
        "rev": "11707dc2f618dd54ca8739b309ec4fc024de578b",
        "type": "github"
      },
      "original": {
        "owner": "numtide",
        "repo": "flake-utils",
        "type": "github"
      }
    },
    "home-manager": {
      "inputs": {
        "nixpkgs": [
          "nixpkgs"
        ]
      },
      "locked": {
        "lastModified": 1787797243,
        "narHash": "sha256-8+Q7NOB7RPajRjA4pbCDLzqH+MTjnG9x6LUPLfL2joA=",
        "owner": "nix-community",
        "repo": "home-manager",
        "rev": "99c9ec63390f1d8c14d95d9e8b17cc29cfbd4e11",
        "type": "github"
      },
      "original": {
        "owner": "nix-community",
        "repo": "home-manager",
        "type": "github"
      }
    },
    "hyprlang": {
      "inputs": {
        "hyprutils": [
          "hyprqt6engine",
          "hyprutils"
        ],
        "nixpkgs": [
          "hyprqt6engine",
          "nixpkgs"
        ],
        "systems": [
          "hyprqt6engine",
          "systems"
        ]
      },
      "locked": {
        "lastModified": 1786464129,
        "narHash": "sha256-339AkTlpMYSIvFuG0rnR+8Yg4/AZKeJalshJavlnKfg=",
        "owner": "hyprwm",
        "repo": "hyprlang",
        "rev": "9508458be316a0d70d37ebed1ab725ccd10411ff",
        "type": "github"
      },
      "original": {
        "owner": "hyprwm",
        "repo": "hyprlang",
        "type": "github"
      }
    },
    "hyprqt6engine": {
      "inputs": {
        "hyprlang": "hyprlang",
        "hyprutils": "hyprutils",
        "nixpkgs": [
          "nixpkgs"
        ],
        "systems": "systems"
      },
      "locked": {
        "lastModified": 1786465893,
        "narHash": "sha256-UQQue60zRgkz4KqqAyVZlVqGvdGZcj5BuWV9SlbURis=",
        "owner": "hyprwm",
        "repo": "hyprqt6engine",
        "rev": "d0ce29ca5471f406c71558cd9453573686b8c976",
        "type": "github"
      },
      "original": {
        "owner": "hyprwm",
        "repo": "hyprqt6engine",
        "type": "github"
      }
    },
    "hyprutils": {
      "inputs": {
        "nixpkgs": [
          "hyprqt6engine",
          "nixpkgs"
        ],
        "systems": [
          "hyprqt6engine",
          "systems"
        ]
      },
      "locked": {
        "lastModified": 1786464080,
        "narHash": "sha256-W1hxvumEM57yV+QwsZ4QdAHEqOkr7e4S8VAkLX60qDE=",
        "owner": "hyprwm",
        "repo": "hyprutils",
        "rev": "c157fe1e3092b980cc69315a6631f89aff09dcce",
        "type": "github"
      },
      "original": {
        "owner": "hyprwm",
        "repo": "hyprutils",
        "type": "github"
      }
    },
    "m3shapes": {
      "flake": false,
      "locked": {
        "lastModified": 1781017666,
        "narHash": "sha256-kfHyzZaPHgqZML48OA+5JwBOsLdQJ2ci/aGPShvUB4Y=",
        "owner": "soramanew",
        "repo": "m3shapes",
        "rev": "bdc327b29f95394a732baf3c9b19658ba23755b6",
        "type": "github"
      },
      "original": {
        "owner": "soramanew",
        "repo": "m3shapes",
        "rev": "bdc327b29f95394a732baf3c9b19658ba23755b6",
        "type": "github"
      }
    },
    "nix-cachyos-kernel": {
      "inputs": {
        "flake-compat": "flake-compat",
        "flake-parts": "flake-parts_2",
        "nixpkgs": "nixpkgs"
      },
      "locked": {
        "lastModified": 1787772412,
        "narHash": "sha256-IFRNvu3RMlQwUQ1NTfTy03/mXXX0kTpy9Mkewpri5LA=",
        "owner": "xddxdd",
        "repo": "nix-cachyos-kernel",
        "rev": "d0a00e687a10b401281759cf618214d59f2039cd",
        "type": "github"
      },
      "original": {
        "owner": "xddxdd",
        "ref": "release",
        "repo": "nix-cachyos-kernel",
        "type": "github"
      }
    },
    "nix-flatpak": {
      "locked": {
        "lastModified": 1767983141,
        "narHash": "sha256-7ZCulYUD9RmJIDULTRkGLSW1faMpDlPKcbWJLYHoXcs=",
        "owner": "gmodena",
        "repo": "nix-flatpak",
        "rev": "440818969ac2cbd77bfe025e884d0aa528991374",
        "type": "github"
      },
      "original": {
        "owner": "gmodena",
        "ref": "latest",
        "repo": "nix-flatpak",
        "type": "github"
      }
    },
    "nix-index-database": {
      "inputs": {
        "nixpkgs": [
          "nixpkgs"
        ]
      },
      "locked": {
        "lastModified": 1787457452,
        "narHash": "sha256-FJh4esFS3zqNNuKwvN3t6wrJGewqp1AUF9DAEvoKPD8=",
        "owner": "nix-community",
        "repo": "nix-index-database",
        "rev": "c51d5c2ba69c907a34e90c9b6b80cd2b93811745",
        "type": "github"
      },
      "original": {
        "owner": "nix-community",
        "repo": "nix-index-database",
        "type": "github"
      }
    },
    "nixpkgs": {
      "locked": {
        "lastModified": 1787755763,
        "narHash": "sha256-GUgP71jgnfa2G3xPQJulxBg3W7KhB8c1ZVhxaZlhojs=",
        "owner": "NixOS",
        "repo": "nixpkgs",
        "rev": "eb0b16891e841575f77c31e3698eb047f55c25d8",
        "type": "github"
      },
      "original": {
        "owner": "NixOS",
        "ref": "nixos-unstable-small",
        "repo": "nixpkgs",
        "type": "github"
      }
    },
    "nixpkgs-davinci-20-2-3": {
      "locked": {
        "lastModified": 1763048682,
        "narHash": "sha256-DjptFXrxVcTqUCuDkR07o979ErUyhWRA9OMT1LRatd4=",
        "owner": "NixOS",
        "repo": "nixpkgs",
        "rev": "4652ba995a945108fb891191c1e910b9a6ed9064",
        "type": "github"
      },
      "original": {
        "owner": "NixOS",
        "repo": "nixpkgs",
        "rev": "4652ba995a945108fb891191c1e910b9a6ed9064",
        "type": "github"
      }
    },
    "nixpkgs-lib": {
      "locked": {
        "lastModified": 1785031560,
        "narHash": "sha256-OmshNvn2vupOFpYinLUu+1Dnpu4n7Q5N3ggGVNHpkUI=",
        "owner": "nix-community",
        "repo": "nixpkgs.lib",
        "rev": "0e79af5e3d4dcfcd676ab5ba3f95d2e3352e078c",
        "type": "github"
      },
      "original": {
        "owner": "nix-community",
        "repo": "nixpkgs.lib",
        "type": "github"
      }
    },
    "nixpkgs-lib_2": {
      "locked": {
        "lastModified": 1785031560,
        "narHash": "sha256-OmshNvn2vupOFpYinLUu+1Dnpu4n7Q5N3ggGVNHpkUI=",
        "owner": "nix-community",
        "repo": "nixpkgs.lib",
        "rev": "0e79af5e3d4dcfcd676ab5ba3f95d2e3352e078c",
        "type": "github"
      },
      "original": {
        "owner": "nix-community",
        "repo": "nixpkgs.lib",
        "type": "github"
      }
    },
    "nixpkgs-qemu-10-2-2": {
      "locked": {
        "lastModified": 1780243769,
        "narHash": "sha256-x5UQuRsH3MqI0U9afaXSNqzTPSeZlRLvFAav2Ux1pNw=",
        "owner": "NixOS",
        "repo": "nixpkgs",
        "rev": "331800de5053fcebacf6813adb5db9c9dca22a0c",
        "type": "github"
      },
      "original": {
        "owner": "NixOS",
        "repo": "nixpkgs",
        "rev": "331800de5053fcebacf6813adb5db9c9dca22a0c",
        "type": "github"
      }
    },
    "nixpkgs_2": {
      "locked": {
        "lastModified": 1787498568,
        "narHash": "sha256-9i/VTdusq/+NM/tz+J1Re+ojkMB8MBf0QshnYfzHz30=",
        "owner": "nixos",
        "repo": "nixpkgs",
        "rev": "56c02bc00adcf003215cc4bd996d6efaf4cff188",
        "type": "github"
      },
      "original": {
        "owner": "nixos",
        "ref": "nixos-unstable",
        "repo": "nixpkgs",
        "type": "github"
      }
    },
    "nixpkgs_3": {
      "locked": {
        "lastModified": 1755615617,
        "narHash": "sha256-HMwfAJBdrr8wXAkbGhtcby1zGFvs+StOp19xNsbqdOg=",
        "owner": "NixOS",
        "repo": "nixpkgs",
        "rev": "20075955deac2583bb12f07151c2df830ef346b4",
        "type": "github"
      },
      "original": {
        "owner": "NixOS",
        "ref": "nixos-unstable",
        "repo": "nixpkgs",
        "type": "github"
      }
    },
    "plasma-manager": {
      "inputs": {
        "home-manager": [
          "home-manager"
        ],
        "nixpkgs": [
          "nixpkgs"
        ]
      },
      "locked": {
        "lastModified": 1785762349,
        "narHash": "sha256-jZhZkzAwc7f3exzcTDJWP2WCAchCv0iNC3UF/QsahdQ=",
        "owner": "nix-community",
        "repo": "plasma-manager",
        "rev": "a19a2a029fa180911bd89c554dca1616e10f4c1d",
        "type": "github"
      },
      "original": {
        "owner": "nix-community",
        "repo": "plasma-manager",
        "type": "github"
      }
    },
    "pyproject-build-systems": {
      "inputs": {
        "nixpkgs": [
          "serena",
          "nixpkgs"
        ],
        "pyproject-nix": [
          "serena",
          "pyproject-nix"
        ],
        "uv2nix": [
          "serena",
          "uv2nix"
        ]
      },
      "locked": {
        "lastModified": 1755484659,
        "narHash": "sha256-2FfbqsaHVQd12XFFUAinIMAuGO3853LONmva1gT3vKw=",
        "owner": "pyproject-nix",
        "repo": "build-system-pkgs",
        "rev": "9778e87c2361810ff15e287ca5895c9da4a0e900",
        "type": "github"
      },
      "original": {
        "owner": "pyproject-nix",
        "repo": "build-system-pkgs",
        "type": "github"
      }
    },
    "pyproject-nix": {
      "inputs": {
        "nixpkgs": [
          "serena",
          "nixpkgs"
        ]
      },
      "locked": {
        "lastModified": 1755886095,
        "narHash": "sha256-oMQ1YERKqiac28LB1cKjl4d0gjvK98SbGejFMfK0WGE=",
        "owner": "pyproject-nix",
        "repo": "pyproject.nix",
        "rev": "7ea903d50c20d4d3ea45ccaad7ee0d21996780c9",
        "type": "github"
      },
      "original": {
        "owner": "pyproject-nix",
        "repo": "pyproject.nix",
        "type": "github"
      }
    },
    "quickshell": {
      "inputs": {
        "nixpkgs": [
          "caelestia-shell",
          "nixpkgs"
        ]
      },
      "locked": {
        "lastModified": 1787440121,
        "narHash": "sha256-OZdLL1rMR9kjTFZroOODeyQ0u6nrSxcFHlK6JUi+R/c=",
        "ref": "refs/heads/master",
        "rev": "0fed22a2c47d9568ddf13cf61586b3f2ac4378a2",
        "revCount": 847,
        "type": "git",
        "url": "https://git.outfoxxed.me/outfoxxed/quickshell"
      },
      "original": {
        "type": "git",
        "url": "https://git.outfoxxed.me/outfoxxed/quickshell"
      }
    },
    "root": {
      "inputs": {
        "betterfox": "betterfox",
        "caelestia-shell": "caelestia-shell",
        "crossmacro": "crossmacro",
        "home-manager": "home-manager",
        "hyprqt6engine": "hyprqt6engine",
        "nix-cachyos-kernel": "nix-cachyos-kernel",
        "nix-flatpak": "nix-flatpak",
        "nix-index-database": "nix-index-database",
        "nixpkgs": "nixpkgs_2",
        "nixpkgs-davinci-20-2-3": "nixpkgs-davinci-20-2-3",
        "nixpkgs-qemu-10-2-2": "nixpkgs-qemu-10-2-2",
        "plasma-manager": "plasma-manager",
        "serena": "serena",
        "thunderbird-catppuccin": "thunderbird-catppuccin",
        "zen-browser": "zen-browser"
      }
    },
    "serena": {
      "inputs": {
        "flake-utils": "flake-utils",
        "nixpkgs": "nixpkgs_3",
        "pyproject-build-systems": "pyproject-build-systems",
        "pyproject-nix": "pyproject-nix",
        "uv2nix": "uv2nix"
      },
      "locked": {
        "lastModified": 1786299277,
        "narHash": "sha256-IrsD4pnu/47M/O9b8H9c7K8WENGv3FihlqzCB6szBXg=",
        "owner": "oraios",
        "repo": "serena",
        "rev": "949a27ef1e5fda1a6e7b561e777bcece345c6ffd",
        "type": "github"
      },
      "original": {
        "owner": "oraios",
        "ref": "v1.7.0",
        "repo": "serena",
        "type": "github"
      }
    },
    "systems": {
      "locked": {
        "lastModified": 1689347949,
        "narHash": "sha256-12tWmuL2zgBgZkdoB6qXZsgJEH9LR3oUgpaQq2RbI80=",
        "owner": "nix-systems",
        "repo": "default-linux",
        "rev": "31732fcf5e8fea42e59c2488ad31a0e651500f68",
        "type": "github"
      },
      "original": {
        "owner": "nix-systems",
        "repo": "default-linux",
        "type": "github"
      }
    },
    "systems_2": {
      "locked": {
        "lastModified": 1681028828,
        "narHash": "sha256-Vy1rq5AaRuLzOxct8nz4T6wlgyUR7zLU309k9mBC768=",
        "owner": "nix-systems",
        "repo": "default",
        "rev": "da67096a3b9bf56a91d16901293e51ba5b49a27e",
        "type": "github"
      },
      "original": {
        "owner": "nix-systems",
        "repo": "default",
        "type": "github"
      }
    },
    "thunderbird-catppuccin": {
      "flake": false,
      "locked": {
        "lastModified": 1730465032,
        "narHash": "sha256-07gT37m1+OhRTbUk51l0Nhx+I+tl1il5ayx2ow23APY=",
        "owner": "catppuccin",
        "repo": "thunderbird",
        "rev": "0289f3bd9566f9666682f66a3355155c0d0563fc",
        "type": "github"
      },
      "original": {
        "owner": "catppuccin",
        "repo": "thunderbird",
        "type": "github"
      }
    },
    "uv2nix": {
      "inputs": {
        "nixpkgs": [
          "serena",
          "nixpkgs"
        ],
        "pyproject-nix": [
          "serena",
          "pyproject-nix"
        ]
      },
      "locked": {
        "lastModified": 1755887980,
        "narHash": "sha256-MD1IhwuoDXQSYcQ/JfEpMxrk6pPl+aHPXSqZLOXLHks=",
        "owner": "pyproject-nix",
        "repo": "uv2nix",
        "rev": "76778b5f457e416688324d19d8f02ec5e22cbe0c",
        "type": "github"
      },
      "original": {
        "owner": "pyproject-nix",
        "repo": "uv2nix",
        "type": "github"
      }
    },
    "zen-browser": {
      "inputs": {
        "home-manager": [
          "home-manager"
        ],
        "nixpkgs": [
          "nixpkgs"
        ]
      },
      "locked": {
        "lastModified": 1787755420,
        "narHash": "sha256-zEFcjyktjqw6/pf6cpdJ3tfQWVBxtwefpM21sfsQlDQ=",
        "owner": "0xc000022070",
        "repo": "zen-browser-flake",
        "rev": "9d4c06e748263a3db275d79f31c8105166ae8584",
        "type": "github"
      },
      "original": {
        "owner": "0xc000022070",
        "repo": "zen-browser-flake",
        "type": "github"
      }
    }
  },
  "root": "root",
  "version": 7
}
